
Microsoft Visual Studio Solution File, Format Version 12.00
# Visual Studio Version 17
VisualStudioVersion = 17.2.32505.173
MinimumVisualStudioVersion = 10.0.40219.1
Project("{FAE04EC0-301F-11D3-BF4B-00C04F79EFBC}") = "IATechamp1.0", "IATechamp1.0\IATechamp1.0.csproj", "{FAD93C6E-9CD8-496E-8806-F6A398374813}"
EndProject
Global
	GlobalSection(SolutionConfigurationPlatforms) = preSolution
		Debug|Any CPU = Debug|Any CPU
		Release|Any CPU = Release|Any CPU
	EndGlobalSection
	GlobalSection(ProjectConfigurationPlatforms) = postSolution
		{FAD93C6E-9CD8-496E-8806-F6A398374813}.Debug|Any CPU.ActiveCfg = Debug|Any CPU
		{FAD93C6E-9CD8-496E-8806-F6A398374813}.Debug|Any CPU.Build.0 = Debug|Any CPU
		{FAD93C6E-9CD8-496E-8806-F6A398374813}.Release|Any CPU.ActiveCfg = Release|Any CPU
		{FAD93C6E-9CD8-496E-8806-F6A398374813}.Release|Any CPU.Build.0 = Release|Any CPU
	EndGlobalSection
	GlobalSection(SolutionProperties) = preSolution
		HideSolutionNode = FALSE
	EndGlobalSection
	GlobalSection(ExtensibilityGlobals) = postSolution
		SolutionGuid = {BEDF76F7-4577-4B69-B949-8E2FCB8058DD}
	EndGlobalSection
EndGlobal
